
Microsoft Visual Studio Solution File, Format Version 12.00
# Visual Studio Version 16
VisualStudioVersion = 16.0.31205.134
MinimumVisualStudioVersion = 10.0.40219.1
Project("{FAE04EC0-301F-11D3-BF4B-00C04F79EFBC}") = "GameNotes", "GameNotes.csproj", "{55DC7958-8061-45D2-A2F3-2E686C41304F}"
EndProject
Project("{FAE04EC0-301F-11D3-BF4B-00C04F79EFBC}") = "WinFormHtmlEditor", "winforms-html-editor\WinFormHtmlEditor\WinFormHtmlEditor\WinFormHtmlEditor.csproj", "{98814871-CDD0-4502-92EF-E84B55C5A2E2}"
EndProject
Global
	GlobalSection(SolutionConfigurationPlatforms) = preSolution
		Debug|Any CPU = Debug|Any CPU
		Release|Any CPU = Release|Any CPU
	EndGlobalSection
	GlobalSection(ProjectConfigurationPlatforms) = postSolution
		{55DC7958-8061-45D2-A2F3-2E686C41304F}.Debug|Any CPU.ActiveCfg = Debug|Any CPU
		{55DC7958-8061-45D2-A2F3-2E686C41304F}.Debug|Any CPU.Build.0 = Debug|Any CPU
		{55DC7958-8061-45D2-A2F3-2E686C41304F}.Release|Any CPU.ActiveCfg = Release|Any CPU
		{55DC7958-8061-45D2-A2F3-2E686C41304F}.Release|Any CPU.Build.0 = Release|Any CPU
		{98814871-CDD0-4502-92EF-E84B55C5A2E2}.Debug|Any CPU.ActiveCfg = Debug|Any CPU
		{98814871-CDD0-4502-92EF-E84B55C5A2E2}.Debug|Any CPU.Build.0 = Debug|Any CPU
		{98814871-CDD0-4502-92EF-E84B55C5A2E2}.Release|Any CPU.ActiveCfg = Release|Any CPU
		{98814871-CDD0-4502-92EF-E84B55C5A2E2}.Release|Any CPU.Build.0 = Release|Any CPU
	EndGlobalSection
	GlobalSection(SolutionProperties) = preSolution
		HideSolutionNode = FALSE
	EndGlobalSection
	GlobalSection(ExtensibilityGlobals) = postSolution
		SolutionGuid = {44DC8115-3482-4EDA-AA3F-9D3A673FA855}
	EndGlobalSection
EndGlobal
